
Microsoft Visual Studio Solution File, Format Version 12.00
# Visual Studio Version 16
VisualStudioVersion = 16.0.31424.327
MinimumVisualStudioVersion = 10.0.40219.1
Project("{FAE04EC0-301F-11D3-BF4B-00C04F79EFBC}") = "GiftRecoApp.Android", "GiftRecoApp\GiftRecoApp.Android\GiftRecoApp.Android.csproj", "{60DE2762-B709-4ACD-A7B5-601709EFFA23}"
EndProject
Project("{FAE04EC0-301F-11D3-BF4B-00C04F79EFBC}") = "GiftRecoApp.iOS", "GiftRecoApp\GiftRecoApp.iOS\GiftRecoApp.iOS.csproj", "{4C9B83E0-87CA-4269-9B04-324800975389}"
EndProject
Project("{9A19103F-16F7-4668-BE54-9A1E7A4F7556}") = "GiftRecoApp", "GiftRecoApp\GiftRecoApp\GiftRecoApp.csproj", "{72602B11-B1E6-46FA-9567-481925E7E5A2}"
EndProject
Project("{2150E333-8FDC-42A3-9474-1A3956D46DE8}") = "Notes", "Notes", "{029A6CC4-E646-4AB0-8CC1-93A325E2A842}"
	ProjectSection(SolutionItems) = preProject
		Gift Recommendation.txt = Gift Recommendation.txt
		Interest Class.txt = Interest Class.txt
	EndProjectSection
EndProject
Global
	GlobalSection(SolutionConfigurationPlatforms) = preSolution
		Debug|Any CPU = Debug|Any CPU
		Debug|iPhone = Debug|iPhone
		Debug|iPhoneSimulator = Debug|iPhoneSimulator
		Release|Any CPU = Release|Any CPU
		Release|iPhone = Release|iPhone
		Release|iPhoneSimulator = Release|iPhoneSimulator
	EndGlobalSection
	GlobalSection(ProjectConfigurationPlatforms) = postSolution
		{60DE2762-B709-4ACD-A7B5-601709EFFA23}.Debug|Any CPU.ActiveCfg = Debug|Any CPU
		{60DE2762-B709-4ACD-A7B5-601709EFFA23}.Debug|Any CPU.Build.0 = Debug|Any CPU
		{60DE2762-B709-4ACD-A7B5-601709EFFA23}.Debug|Any CPU.Deploy.0 = Debug|Any CPU
		{60DE2762-B709-4ACD-A7B5-601709EFFA23}.Debug|iPhone.ActiveCfg = Debug|Any CPU
		{60DE2762-B709-4ACD-A7B5-601709EFFA23}.Debug|iPhone.Build.0 = Debug|Any CPU
		{60DE2762-B709-4ACD-A7B5-601709EFFA23}.Debug|iPhone.Deploy.0 = Debug|Any CPU
		{60DE2762-B709-4ACD-A7B5-601709EFFA23}.Debug|iPhoneSimulator.ActiveCfg = Debug|Any CPU
		{60DE2762-B709-4ACD-A7B5-601709EFFA23}.Debug|iPhoneSimulator.Build.0 = Debug|Any CPU
		{60DE2762-B709-4ACD-A7B5-601709EFFA23}.Debug|iPhoneSimulator.Deploy.0 = Debug|Any CPU
		{60DE2762-B709-4ACD-A7B5-601709EFFA23}.Release|Any CPU.ActiveCfg = Release|Any CPU
		{60DE2762-B709-4ACD-A7B5-601709EFFA23}.Release|Any CPU.Build.0 = Release|Any CPU
		{60DE2762-B709-4ACD-A7B5-601709EFFA23}.Release|Any CPU.Deploy.0 = Release|Any CPU
		{60DE2762-B709-4ACD-A7B5-601709EFFA23}.Release|iPhone.ActiveCfg = Release|Any CPU
		{60DE2762-B709-4ACD-A7B5-601709EFFA23}.Release|iPhone.Build.0 = Release|Any CPU
		{60DE2762-B709-4ACD-A7B5-601709EFFA23}.Release|iPhone.Deploy.0 = Release|Any CPU
		{60DE2762-B709-4ACD-A7B5-601709EFFA23}.Release|iPhoneSimulator.ActiveCfg = Release|Any CPU
		{60DE2762-B709-4ACD-A7B5-601709EFFA23}.Release|iPhoneSimulator.Build.0 = Release|Any CPU
		{60DE2762-B709-4ACD-A7B5-601709EFFA23}.Release|iPhoneSimulator.Deploy.0 = Release|Any CPU
		{4C9B83E0-87CA-4269-9B04-324800975389}.Debug|Any CPU.ActiveCfg = Debug|iPhone
		{4C9B83E0-87CA-4269-9B04-324800975389}.Debug|Any CPU.Build.0 = Debug|iPhone
		{4C9B83E0-87CA-4269-9B04-324800975389}.Debug|Any CPU.Deploy.0 = Debug|iPhone
		{4C9B83E0-87CA-4269-9B04-324800975389}.Debug|iPhone.ActiveCfg = Debug|iPhone
		{4C9B83E0-87CA-4269-9B04-324800975389}.Debug|iPhone.Build.0 = Debug|iPhone
		{4C9B83E0-87CA-4269-9B04-324800975389}.Debug|iPhone.Deploy.0 = Debug|iPhone
		{4C9B83E0-87CA-4269-9B04-324800975389}.Debug|iPhoneSimulator.ActiveCfg = Debug|iPhoneSimulator
		{4C9B83E0-87CA-4269-9B04-324800975389}.Debug|iPhoneSimulator.Build.0 = Debug|iPhoneSimulator
		{4C9B83E0-87CA-4269-9B04-324800975389}.Debug|iPhoneSimulator.Deploy.0 = Debug|iPhoneSimulator
		{4C9B83E0-87CA-4269-9B04-324800975389}.Release|Any CPU.ActiveCfg = Release|iPhoneSimulator
		{4C9B83E0-87CA-4269-9B04-324800975389}.Release|Any CPU.Build.0 = Release|iPhoneSimulator
		{4C9B83E0-87CA-4269-9B04-324800975389}.Release|Any CPU.Deploy.0 = Release|iPhoneSimulator
		{4C9B83E0-87CA-4269-9B04-324800975389}.Release|iPhone.ActiveCfg = Release|iPhone
		{4C9B83E0-87CA-4269-9B04-324800975389}.Release|iPhone.Build.0 = Release|iPhone
		{4C9B83E0-87CA-4269-9B04-324800975389}.Release|iPhone.Deploy.0 = Release|iPhone
		{4C9B83E0-87CA-4269-9B04-324800975389}.Release|iPhoneSimulator.ActiveCfg = Release|iPhoneSimulator
		{4C9B83E0-87CA-4269-9B04-324800975389}.Release|iPhoneSimulator.Build.0 = Release|iPhoneSimulator
		{4C9B83E0-87CA-4269-9B04-324800975389}.Release|iPhoneSimulator.Deploy.0 = Release|iPhoneSimulator
		{72602B11-B1E6-46FA-9567-481925E7E5A2}.Debug|Any CPU.ActiveCfg = Debug|Any CPU
		{72602B11-B1E6-46FA-9567-481925E7E5A2}.Debug|Any CPU.Build.0 = Debug|Any CPU
		{72602B11-B1E6-46FA-9567-481925E7E5A2}.Debug|Any CPU.Deploy.0 = Debug|Any CPU
		{72602B11-B1E6-46FA-9567-481925E7E5A2}.Debug|iPhone.ActiveCfg = Debug|Any CPU
		{72602B11-B1E6-46FA-9567-481925E7E5A2}.Debug|iPhone.Build.0 = Debug|Any CPU
		{72602B11-B1E6-46FA-9567-481925E7E5A2}.Debug|iPhone.Deploy.0 = Debug|Any CPU
		{72602B11-B1E6-46FA-9567-481925E7E5A2}.Debug|iPhoneSimulator.ActiveCfg = Debug|Any CPU
		{72602B11-B1E6-46FA-9567-481925E7E5A2}.Debug|iPhoneSimulator.Build.0 = Debug|Any CPU
		{72602B11-B1E6-46FA-9567-481925E7E5A2}.Debug|iPhoneSimulator.Deploy.0 = Debug|Any CPU
		{72602B11-B1E6-46FA-9567-481925E7E5A2}.Release|Any CPU.ActiveCfg = Release|Any CPU
		{72602B11-B1E6-46FA-9567-481925E7E5A2}.Release|Any CPU.Build.0 = Release|Any CPU
		{72602B11-B1E6-46FA-9567-481925E7E5A2}.Release|Any CPU.Deploy.0 = Release|Any CPU
		{72602B11-B1E6-46FA-9567-481925E7E5A2}.Release|iPhone.ActiveCfg = Release|Any CPU
		{72602B11-B1E6-46FA-9567-481925E7E5A2}.Release|iPhone.Build.0 = Release|Any CPU
		{72602B11-B1E6-46FA-9567-481925E7E5A2}.Release|iPhone.Deploy.0 = Release|Any CPU
		{72602B11-B1E6-46FA-9567-481925E7E5A2}.Release|iPhoneSimulator.ActiveCfg = Release|Any CPU
		{72602B11-B1E6-46FA-9567-481925E7E5A2}.Release|iPhoneSimulator.Build.0 = Release|Any CPU
		{72602B11-B1E6-46FA-9567-481925E7E5A2}.Release|iPhoneSimulator.Deploy.0 = Release|Any CPU
	EndGlobalSection
	GlobalSection(SolutionProperties) = preSolution
		HideSolutionNode = FALSE
	EndGlobalSection
	GlobalSection(ExtensibilityGlobals) = postSolution
		SolutionGuid = {1E408BA7-A99E-4F81-BC59-71901F1CB68F}
	EndGlobalSection
EndGlobal
